// !$*UTF8*$!
{
	archiveVersion = 1;
	classes = {
	};
	objectVersion = 46;
	objects = {

/* Begin PBXBuildFile section */
		BC5936C51AC053470015A674 /* ServiceManagement.framework in Frameworks */ = {isa = PBXBuildFile; fileRef = BC5936C41AC053470015A674 /* ServiceManagement.framework */; };
		BC5936C71AC055080015A674 /* DaisyTranslateAppHelper.app in CopyFiles */ = {isa = PBXBuildFile; fileRef = BC5936C11AC052230015A674 /* DaisyTranslateAppHelper.app */; settings = {ATTRIBUTES = (RemoveHeadersOnCopy, ); }; };
		BCB22A5C1AB4032900939577 /* StatusBarView.m in Sources */ = {isa = PBXBuildFile; fileRef = BCB22A5B1AB4032900939577 /* StatusBarView.m */; };
		BCB22A5F1AB404E800939577 /* status_icon_hi.png in Resources */ = {isa = PBXBuildFile; fileRef = BCB22A5D1AB404E800939577 /* status_icon_hi.png */; };
		BCB22A601AB404E800939577 /* status_icon_normal.png in Resources */ = {isa = PBXBuildFile; fileRef = BCB22A5E1AB404E800939577 /* status_icon_normal.png */; };
		BCC6D24E1AC1B35D0047472F /* Localizable.strings in Resources */ = {isa = PBXBuildFile; fileRef = BCC6D2501AC1B35D0047472F /* Localizable.strings */; };
		BCC6D25D1AC453310047472F /* Credits.rtf in Resources */ = {isa = PBXBuildFile; fileRef = BCC6D25C1AC453310047472F /* Credits.rtf */; };
		BCC804121A62599400BA94EF /* icon.icns in Resources */ = {isa = PBXBuildFile; fileRef = BCC804111A62599400BA94EF /* icon.icns */; };
		BCC804501A6B7D3F00BA94EF /* LPCoustomView.m in Sources */ = {isa = PBXBuildFile; fileRef = BCC8044F1A6B7D3F00BA94EF /* LPCoustomView.m */; };
		BCC804701A6BB1AA00BA94EF /* NSTextView+Placeholder.m in Sources */ = {isa = PBXBuildFile; fileRef = BCC8046F1A6BB1AA00BA94EF /* NSTextView+Placeholder.m */; };
		BCC804961A6BC52500BA94EF /* INAppStoreWindowSwizzling.c in Sources */ = {isa = PBXBuildFile; fileRef = BCC804731A6BC52500BA94EF /* INAppStoreWindowSwizzling.c */; };
		BCC804971A6BC52500BA94EF /* INWindowBackgroundView+CoreUIRendering.m in Sources */ = {isa = PBXBuildFile; fileRef = BCC804761A6BC52500BA94EF /* INWindowBackgroundView+CoreUIRendering.m */; };
		BCC804981A6BC52500BA94EF /* NSDocument+INAppStoreWindowFixes.m in Sources */ = {isa = PBXBuildFile; fileRef = BCC804781A6BC52500BA94EF /* NSDocument+INAppStoreWindowFixes.m */; };
		BCC804991A6BC52500BA94EF /* INAppStoreWindow.m in Sources */ = {isa = PBXBuildFile; fileRef = BCC8047A1A6BC52500BA94EF /* INAppStoreWindow.m */; };
		BCC8049A1A6BC52500BA94EF /* INWindowButton.m in Sources */ = {isa = PBXBuildFile; fileRef = BCC8047D1A6BC52500BA94EF /* INWindowButton.m */; };
		BCC804AC1A6C0AB400BA94EF /* LPInputTableCellView.m in Sources */ = {isa = PBXBuildFile; fileRef = BCC804AB1A6C0AB400BA94EF /* LPInputTableCellView.m */; };
		BCC804AF1A6D37CB00BA94EF /* LPInputFootTableCellView.m in Sources */ = {isa = PBXBuildFile; fileRef = BCC804AE1A6D37CB00BA94EF /* LPInputFootTableCellView.m */; };
		BCC804B21A6D49E100BA94EF /* LPTranslateResultTableCellView.m in Sources */ = {isa = PBXBuildFile; fileRef = BCC804B11A6D49E100BA94EF /* LPTranslateResultTableCellView.m */; };
		BCC804B61A6FDDAE00BA94EF /* LPMetroButton.m in Sources */ = {isa = PBXBuildFile; fileRef = BCC804B51A6FDDAE00BA94EF /* LPMetroButton.m */; };
		BCC804B91A6FF9D600BA94EF /* NS(Attributed)String+Geometrics.m in Sources */ = {isa = PBXBuildFile; fileRef = BCC804B81A6FF9D600BA94EF /* NS(Attributed)String+Geometrics.m */; };
		BCC804BB1A6FFD5D00BA94EF /* LPTranslateResultTableCellView.xib in Resources */ = {isa = PBXBuildFile; fileRef = BCC804BA1A6FFD5D00BA94EF /* LPTranslateResultTableCellView.xib */; };
		BCC804BE1A7393E400BA94EF /* LPCommon.m in Sources */ = {isa = PBXBuildFile; fileRef = BCC804BD1A7393E400BA94EF /* LPCommon.m */; };
		BCC804C71A73E96500BA94EF /* RecentListViewController.m in Sources */ = {isa = PBXBuildFile; fileRef = BCC804C51A73E96500BA94EF /* RecentListViewController.m */; };
		BCC804C81A73E96500BA94EF /* RecentListViewController.xib in Resources */ = {isa = PBXBuildFile; fileRef = BCC804C61A73E96500BA94EF /* RecentListViewController.xib */; };
		BCC804E21A748D6C00BA94EF /* INPopoverController.m in Sources */ = {isa = PBXBuildFile; fileRef = BCC804DA1A748D6C00BA94EF /* INPopoverController.m */; };
		BCC804E31A748D6C00BA94EF /* INPopoverParentWindow.m in Sources */ = {isa = PBXBuildFile; fileRef = BCC804DD1A748D6C00BA94EF /* INPopoverParentWindow.m */; };
		BCC804E41A748D6C00BA94EF /* INPopoverWindow.m in Sources */ = {isa = PBXBuildFile; fileRef = BCC804DF1A748D6C00BA94EF /* INPopoverWindow.m */; };
		BCC804E51A748D6C00BA94EF /* INPopoverWindowFrame.m in Sources */ = {isa = PBXBuildFile; fileRef = BCC804E11A748D6C00BA94EF /* INPopoverWindowFrame.m */; };
		BCC804EA1A77D1C200BA94EF /* copy_press.png in Resources */ = {isa = PBXBuildFile; fileRef = BCC804E61A77D1C200BA94EF /* copy_press.png */; };
		BCC804EB1A77D1C200BA94EF /* copy_press@2x.png in Resources */ = {isa = PBXBuildFile; fileRef = BCC804E71A77D1C200BA94EF /* copy_press@2x.png */; };
		BCC804EC1A77D1C200BA94EF /* copy.png in Resources */ = {isa = PBXBuildFile; fileRef = BCC804E81A77D1C200BA94EF /* copy.png */; };
		BCC804ED1A77D1C200BA94EF /* copy@2x.png in Resources */ = {isa = PBXBuildFile; fileRef = BCC804E91A77D1C200BA94EF /* copy@2x.png */; };
		BCC804F21A77D33600BA94EF /* voice_press.png in Resources */ = {isa = PBXBuildFile; fileRef = BCC804EE1A77D33600BA94EF /* voice_press.png */; };
		BCC804F31A77D33600BA94EF /* voice_press@2x.png in Resources */ = {isa = PBXBuildFile; fileRef = BCC804EF1A77D33600BA94EF /* voice_press@2x.png */; };
		BCC804F41A77D33600BA94EF /* voice.png in Resources */ = {isa = PBXBuildFile; fileRef = BCC804F01A77D33600BA94EF /* voice.png */; };
		BCC804F51A77D33600BA94EF /* voice@2x.png in Resources */ = {isa = PBXBuildFile; fileRef = BCC804F11A77D33600BA94EF /* voice@2x.png */; };
		BCC804F81A77DC3800BA94EF /* revert.png in Resources */ = {isa = PBXBuildFile; fileRef = BCC804F61A77DC3800BA94EF /* revert.png */; };
		BCC804F91A77DC3800BA94EF /* revert@2x.png in Resources */ = {isa = PBXBuildFile; fileRef = BCC804F71A77DC3800BA94EF /* revert@2x.png */; };
		BCC804FC1A7923CF00BA94EF /* clear.png in Resources */ = {isa = PBXBuildFile; fileRef = BCC804FA1A7923CF00BA94EF /* clear.png */; };
		BCC804FD1A7923CF00BA94EF /* clear@2x.png in Resources */ = {isa = PBXBuildFile; fileRef = BCC804FB1A7923CF00BA94EF /* clear@2x.png */; };
		BCC8BFCC1A49B2830048F3B5 /* AppDelegate.m in Sources */ = {isa = PBXBuildFile; fileRef = BCC8BFCB1A49B2830048F3B5 /* AppDelegate.m */; };
		BCC8BFCE1A49B2830048F3B5 /* main.m in Sources */ = {isa = PBXBuildFile; fileRef = BCC8BFCD1A49B2830048F3B5 /* main.m */; };
		BCC8BFD01A49B2830048F3B5 /* Images.xcassets in Resources */ = {isa = PBXBuildFile; fileRef = BCC8BFCF1A49B2830048F3B5 /* Images.xcassets */; };
		BCC8BFD31A49B2830048F3B5 /* MainMenu.xib in Resources */ = {isa = PBXBuildFile; fileRef = BCC8BFD11A49B2830048F3B5 /* MainMenu.xib */; };
		BCC8BFE91A49B5ED0048F3B5 /* languages.plist in Resources */ = {isa = PBXBuildFile; fileRef = BCC8BFE81A49B5ED0048F3B5 /* languages.plist */; };
		BCC8C0051A49B9650048F3B5 /* ASIDataCompressor.m in Sources */ = {isa = PBXBuildFile; fileRef = BCC8BFF01A49B9650048F3B5 /* ASIDataCompressor.m */; settings = {COMPILER_FLAGS = "-fno-objc-arc"; }; };
		BCC8C0061A49B9650048F3B5 /* ASIDataDecompressor.m in Sources */ = {isa = PBXBuildFile; fileRef = BCC8BFF21A49B9650048F3B5 /* ASIDataDecompressor.m */; settings = {COMPILER_FLAGS = "-fno-objc-arc"; }; };
		BCC8C0071A49B9650048F3B5 /* ASIDownloadCache.m in Sources */ = {isa = PBXBuildFile; fileRef = BCC8BFF41A49B9650048F3B5 /* ASIDownloadCache.m */; settings = {COMPILER_FLAGS = "-fno-objc-arc"; }; };
		BCC8C0081A49B9650048F3B5 /* ASIFormDataRequest.m in Sources */ = {isa = PBXBuildFile; fileRef = BCC8BFF61A49B9650048F3B5 /* ASIFormDataRequest.m */; settings = {COMPILER_FLAGS = "-fno-objc-arc"; }; };
		BCC8C0091A49B9650048F3B5 /* ASIHTTPRequest.m in Sources */ = {isa = PBXBuildFile; fileRef = BCC8BFF81A49B9650048F3B5 /* ASIHTTPRequest.m */; settings = {COMPILER_FLAGS = "-fno-objc-arc"; }; };
		BCC8C00A1A49B9650048F3B5 /* ASIInputStream.m in Sources */ = {isa = PBXBuildFile; fileRef = BCC8BFFC1A49B9650048F3B5 /* ASIInputStream.m */; settings = {COMPILER_FLAGS = "-fno-objc-arc"; }; };
		BCC8C00B1A49B9650048F3B5 /* ASINetworkQueue.m in Sources */ = {isa = PBXBuildFile; fileRef = BCC8BFFE1A49B9650048F3B5 /* ASINetworkQueue.m */; settings = {COMPILER_FLAGS = "-fno-objc-arc"; }; };
		BCC8C00C1A49B9650048F3B5 /* JSONKit.m in Sources */ = {isa = PBXBuildFile; fileRef = BCC8C0011A49B9650048F3B5 /* JSONKit.m */; settings = {COMPILER_FLAGS = "-fno-objc-arc"; }; };
		BCC8C00D1A49B9650048F3B5 /* Reachability.m in Sources */ = {isa = PBXBuildFile; fileRef = BCC8C0031A49B9650048F3B5 /* Reachability.m */; settings = {COMPILER_FLAGS = "-fno-objc-arc"; }; };
		BCC8C00F1A49B9870048F3B5 /* SystemConfiguration.framework in Frameworks */ = {isa = PBXBuildFile; fileRef = BCC8C00E1A49B9870048F3B5 /* SystemConfiguration.framework */; };
		BCC8C0111A49B9960048F3B5 /* CFNetwork.framework in Frameworks */ = {isa = PBXBuildFile; fileRef = BCC8C0101A49B9960048F3B5 /* CFNetwork.framework */; };
		BCC8C0131A49B9B40048F3B5 /* libz.1.2.5.dylib in Frameworks */ = {isa = PBXBuildFile; fileRef = BCC8C0121A49B9B40048F3B5 /* libz.1.2.5.dylib */; };
		BCC8C01D1A49BC1E0048F3B5 /* LPTranslateService.m in Sources */ = {isa = PBXBuildFile; fileRef = BCC8C01C1A49BC1E0048F3B5 /* LPTranslateService.m */; };
		BCC8C0271A49C9320048F3B5 /* LPTranslateResult.m in Sources */ = {isa = PBXBuildFile; fileRef = BCC8C0261A49C9320048F3B5 /* LPTranslateResult.m */; };
		BCD1696A1A7DE73900DA9417 /* PTHotKey+ShortcutRecorder.m in Sources */ = {isa = PBXBuildFile; fileRef = BCD169541A7DE73900DA9417 /* PTHotKey+ShortcutRecorder.m */; };
		BCD1696B1A7DE73900DA9417 /* PTHotKey.m in Sources */ = {isa = PBXBuildFile; fileRef = BCD169561A7DE73900DA9417 /* PTHotKey.m */; settings = {COMPILER_FLAGS = "-fno-objc-arc"; }; };
		BCD1696C1A7DE73900DA9417 /* PTHotKeyCenter.m in Sources */ = {isa = PBXBuildFile; fileRef = BCD169581A7DE73900DA9417 /* PTHotKeyCenter.m */; settings = {COMPILER_FLAGS = "-fno-objc-arc"; }; };
		BCD1696D1A7DE73900DA9417 /* PTKeyBroadcaster.m in Sources */ = {isa = PBXBuildFile; fileRef = BCD1695A1A7DE73900DA9417 /* PTKeyBroadcaster.m */; };
		BCD1696E1A7DE73900DA9417 /* PTKeyCodes.plist in Resources */ = {isa = PBXBuildFile; fileRef = BCD1695B1A7DE73900DA9417 /* PTKeyCodes.plist */; };
		BCD1696F1A7DE73900DA9417 /* PTKeyCodeTranslator.m in Sources */ = {isa = PBXBuildFile; fileRef = BCD1695D1A7DE73900DA9417 /* PTKeyCodeTranslator.m */; settings = {COMPILER_FLAGS = "-fno-objc-arc"; }; };
		BCD169701A7DE73900DA9417 /* PTKeyCombo.m in Sources */ = {isa = PBXBuildFile; fileRef = BCD1695F1A7DE73900DA9417 /* PTKeyCombo.m */; settings = {COMPILER_FLAGS = "-fno-objc-arc"; }; };
		BCD169711A7DE73900DA9417 /* SRCommon.m in Sources */ = {isa = PBXBuildFile; fileRef = BCD169611A7DE73900DA9417 /* SRCommon.m */; settings = {COMPILER_FLAGS = "-fno-objc-arc"; }; };
		BCD169721A7DE73900DA9417 /* SRKeyCodeTransformer.m in Sources */ = {isa = PBXBuildFile; fileRef = BCD169631A7DE73900DA9417 /* SRKeyCodeTransformer.m */; settings = {COMPILER_FLAGS = "-fno-objc-arc"; }; };
		BCD169731A7DE73900DA9417 /* SRRecorderCell.m in Sources */ = {isa = PBXBuildFile; fileRef = BCD169651A7DE73900DA9417 /* SRRecorderCell.m */; settings = {COMPILER_FLAGS = "-fno-objc-arc"; }; };
		BCD169741A7DE73900DA9417 /* SRRecorderControl.m in Sources */ = {isa = PBXBuildFile; fileRef = BCD169671A7DE73900DA9417 /* SRRecorderControl.m */; settings = {COMPILER_FLAGS = "-fno-objc-arc"; }; };
		BCD169751A7DE73900DA9417 /* SRValidator.m in Sources */ = {isa = PBXBuildFile; fileRef = BCD169691A7DE73900DA9417 /* SRValidator.m */; settings = {COMPILER_FLAGS = "-fno-objc-arc"; }; };
		BCE2F2EF1AAC302C0052B5C8 /* RemoveShortcut.png in Resources */ = {isa = PBXBuildFile; fileRef = BCE2F2E81AAC302C0052B5C8 /* RemoveShortcut.png */; };
		BCE2F2F01AAC302C0052B5C8 /* RemoveShortcutPressed.png in Resources */ = {isa = PBXBuildFile; fileRef = BCE2F2E91AAC302C0052B5C8 /* RemoveShortcutPressed.png */; };
		BCE2F2F11AAC302C0052B5C8 /* Snapback.png in Resources */ = {isa = PBXBuildFile; fileRef = BCE2F2EA1AAC302C0052B5C8 /* Snapback.png */; };
		BCE2F2F21AAC302C0052B5C8 /* SRRemoveShortcut.tif in Resources */ = {isa = PBXBuildFile; fileRef = BCE2F2EB1AAC302C0052B5C8 /* SRRemoveShortcut.tif */; };
		BCE2F2F31AAC302C0052B5C8 /* SRRemoveShortcutPressed.tif in Resources */ = {isa = PBXBuildFile; fileRef = BCE2F2EC1AAC302C0052B5C8 /* SRRemoveShortcutPressed.tif */; };
		BCE2F2F41AAC302C0052B5C8 /* SRRemoveShortcutRollover.tif in Resources */ = {isa = PBXBuildFile; fileRef = BCE2F2ED1AAC302C0052B5C8 /* SRRemoveShortcutRollover.tif */; };
		BCE2F2F51AAC302C0052B5C8 /* SRSnapback.tiff in Resources */ = {isa = PBXBuildFile; fileRef = BCE2F2EE1AAC302C0052B5C8 /* SRSnapback.tiff */; };
		BCE2F2F81AAC38C90052B5C8 /* AppDelegate+Setting.m in Sources */ = {isa = PBXBuildFile; fileRef = BCE2F2F71AAC38C90052B5C8 /* AppDelegate+Setting.m */; };
/* End PBXBuildFile section */

/* Begin PBXContainerItemProxy section */
		BC5936C01AC052230015A674 /* PBXContainerItemProxy */ = {
			isa = PBXContainerItemProxy;
			containerPortal = BC5936BB1AC052210015A674 /* DaisyTranslateAppHelper.xcodeproj */;
			proxyType = 2;
			remoteGlobalIDString = BC5936981AC052210015A674;
			remoteInfo = DaisyTranslateAppHelper;
		};
		BC5936C21AC052230015A674 /* PBXContainerItemProxy */ = {
			isa = PBXContainerItemProxy;
			containerPortal = BC5936BB1AC052210015A674 /* DaisyTranslateAppHelper.xcodeproj */;
			proxyType = 2;
			remoteGlobalIDString = BC5936AB1AC052210015A674;
			remoteInfo = DaisyTranslateAppHelperTests;
		};
/* End PBXContainerItemProxy section */

/* Begin PBXCopyFilesBuildPhase section */
		BC5936C61AC054D70015A674 /* CopyFiles */ = {
			isa = PBXCopyFilesBuildPhase;
			buildActionMask = 12;
			dstPath = Contents/Library/LoginItems;
			dstSubfolderSpec = 1;
			files = (
				BC5936C71AC055080015A674 /* DaisyTranslateAppHelper.app in CopyFiles */,
			);
			runOnlyForDeploymentPostprocessing = 0;
		};
/* End PBXCopyFilesBuildPhase section */

/* Begin PBXFileReference section */
		BC5936BB1AC052210015A674 /* DaisyTranslateAppHelper.xcodeproj */ = {isa = PBXFileReference; lastKnownFileType = "wrapper.pb-project"; name = DaisyTranslateAppHelper.xcodeproj; path = DaisyTranslateAppHelper/DaisyTranslateAppHelper.xcodeproj; sourceTree = "<group>"; };
		BC5936C41AC053470015A674 /* ServiceManagement.framework */ = {isa = PBXFileReference; lastKnownFileType = wrapper.framework; name = ServiceManagement.framework; path = System/Library/Frameworks/ServiceManagement.framework; sourceTree = SDKROOT; };
		BCB22A5A1AB4032900939577 /* StatusBarView.h */ = {isa = PBXFileReference; fileEncoding = 4; lastKnownFileType = sourcecode.c.h; path = StatusBarView.h; sourceTree = "<group>"; };
		BCB22A5B1AB4032900939577 /* StatusBarView.m */ = {isa = PBXFileReference; fileEncoding = 4; lastKnownFileType = sourcecode.c.objc; path = StatusBarView.m; sourceTree = "<group>"; };
		BCB22A5D1AB404E800939577 /* status_icon_hi.png */ = {isa = PBXFileReference; lastKnownFileType = image.png; path = status_icon_hi.png; sourceTree = "<group>"; };
		BCB22A5E1AB404E800939577 /* status_icon_normal.png */ = {isa = PBXFileReference; lastKnownFileType = image.png; path = status_icon_normal.png; sourceTree = "<group>"; };
		BCC6D24B1AC1B2820047472F /* zh-Hans */ = {isa = PBXFileReference; lastKnownFileType = text.plist.strings; name = "zh-Hans"; path = "zh-Hans.lproj/MainMenu.strings"; sourceTree = "<group>"; };
		BCC6D24F1AC1B35D0047472F /* Base */ = {isa = PBXFileReference; lastKnownFileType = text.plist.strings; name = Base; path = Base.lproj/Localizable.strings; sourceTree = "<group>"; };
		BCC6D2511AC1B3610047472F /* zh-Hans */ = {isa = PBXFileReference; lastKnownFileType = text.plist.strings; name = "zh-Hans"; path = "zh-Hans.lproj/Localizable.strings"; sourceTree = "<group>"; };
		BCC6D25C1AC453310047472F /* Credits.rtf */ = {isa = PBXFileReference; fileEncoding = 4; lastKnownFileType = text.rtf; path = Credits.rtf; sourceTree = "<group>"; };
		BCC804111A62599400BA94EF /* icon.icns */ = {isa = PBXFileReference; lastKnownFileType = image.icns; path = icon.icns; sourceTree = "<group>"; };
		BCC8044E1A6B7D3F00BA94EF /* LPCoustomView.h */ = {isa = PBXFileReference; fileEncoding = 4; lastKnownFileType = sourcecode.c.h; name = LPCoustomView.h; path = ../LPCoustomView.h; sourceTree = "<group>"; };
		BCC8044F1A6B7D3F00BA94EF /* LPCoustomView.m */ = {isa = PBXFileReference; fileEncoding = 4; lastKnownFileType = sourcecode.c.objc; name = LPCoustomView.m; path = ../LPCoustomView.m; sourceTree = "<group>"; };
		BCC8046E1A6BB1AA00BA94EF /* NSTextView+Placeholder.h */ = {isa = PBXFileReference; fileEncoding = 4; lastKnownFileType = sourcecode.c.h; path = "NSTextView+Placeholder.h"; sourceTree = "<group>"; };
		BCC8046F1A6BB1AA00BA94EF /* NSTextView+Placeholder.m */ = {isa = PBXFileReference; fileEncoding = 4; lastKnownFileType = sourcecode.c.objc; path = "NSTextView+Placeholder.m"; sourceTree = "<group>"; };
		BCC804731A6BC52500BA94EF /* INAppStoreWindowSwizzling.c */ = {isa = PBXFileReference; fileEncoding = 4; lastKnownFileType = sourcecode.c.c; path = INAppStoreWindowSwizzling.c; sourceTree = "<group>"; };
		BCC804741A6BC52500BA94EF /* INAppStoreWindowSwizzling.h */ = {isa = PBXFileReference; fileEncoding = 4; lastKnownFileType = sourcecode.c.h; path = INAppStoreWindowSwizzling.h; sourceTree = "<group>"; };
		BCC804751A6BC52500BA94EF /* INWindowBackgroundView+CoreUIRendering.h */ = {isa = PBXFileReference; fileEncoding = 4; lastKnownFileType = sourcecode.c.h; path = "INWindowBackgroundView+CoreUIRendering.h"; sourceTree = "<group>"; };
		BCC804761A6BC52500BA94EF /* INWindowBackgroundView+CoreUIRendering.m */ = {isa = PBXFileReference; fileEncoding = 4; lastKnownFileType = sourcecode.c.objc; path = "INWindowBackgroundView+CoreUIRendering.m"; sourceTree = "<group>"; };
		BCC804771A6BC52500BA94EF /* NSDocument+INAppStoreWindowFixes.h */ = {isa = PBXFileReference; fileEncoding = 4; lastKnownFileType = sourcecode.c.h; path = "NSDocument+INAppStoreWindowFixes.h"; sourceTree = "<group>"; };
		BCC804781A6BC52500BA94EF /* NSDocument+INAppStoreWindowFixes.m */ = {isa = PBXFileReference; fileEncoding = 4; lastKnownFileType = sourcecode.c.objc; path = "NSDocument+INAppStoreWindowFixes.m"; sourceTree = "<group>"; };
		BCC804791A6BC52500BA94EF /* INAppStoreWindow.h */ = {isa = PBXFileReference; fileEncoding = 4; lastKnownFileType = sourcecode.c.h; path = INAppStoreWindow.h; sourceTree = "<group>"; };
		BCC8047A1A6BC52500BA94EF /* INAppStoreWindow.m */ = {isa = PBXFileReference; fileEncoding = 4; lastKnownFileType = sourcecode.c.objc; path = INAppStoreWindow.m; sourceTree = "<group>"; };
		BCC8047B1A6BC52500BA94EF /* INAppStoreWindowCompatibility.h */ = {isa = PBXFileReference; fileEncoding = 4; lastKnownFileType = sourcecode.c.h; path = INAppStoreWindowCompatibility.h; sourceTree = "<group>"; };
		BCC8047C1A6BC52500BA94EF /* INWindowButton.h */ = {isa = PBXFileReference; fileEncoding = 4; lastKnownFileType = sourcecode.c.h; path = INWindowButton.h; sourceTree = "<group>"; };
		BCC8047D1A6BC52500BA94EF /* INWindowButton.m */ = {isa = PBXFileReference; fileEncoding = 4; lastKnownFileType = sourcecode.c.objc; path = INWindowButton.m; sourceTree = "<group>"; };
		BCC804AA1A6C0AB400BA94EF /* LPInputTableCellView.h */ = {isa = PBXFileReference; fileEncoding = 4; lastKnownFileType = sourcecode.c.h; path = LPInputTableCellView.h; sourceTree = "<group>"; };
		BCC804AB1A6C0AB400BA94EF /* LPInputTableCellView.m */ = {isa = PBXFileReference; fileEncoding = 4; lastKnownFileType = sourcecode.c.objc; path = LPInputTableCellView.m; sourceTree = "<group>"; };
		BCC804AD1A6D37CB00BA94EF /* LPInputFootTableCellView.h */ = {isa = PBXFileReference; fileEncoding = 4; lastKnownFileType = sourcecode.c.h; path = LPInputFootTableCellView.h; sourceTree = "<group>"; };
		BCC804AE1A6D37CB00BA94EF /* LPInputFootTableCellView.m */ = {isa = PBXFileReference; fileEncoding = 4; lastKnownFileType = sourcecode.c.objc; path = LPInputFootTableCellView.m; sourceTree = "<group>"; };
		BCC804B01A6D49E100BA94EF /* LPTranslateResultTableCellView.h */ = {isa = PBXFileReference; fileEncoding = 4; lastKnownFileType = sourcecode.c.h; path = LPTranslateResultTableCellView.h; sourceTree = "<group>"; };
		BCC804B11A6D49E100BA94EF /* LPTranslateResultTableCellView.m */ = {isa = PBXFileReference; fileEncoding = 4; lastKnownFileType = sourcecode.c.objc; path = LPTranslateResultTableCellView.m; sourceTree = "<group>"; };
		BCC804B41A6FDDAE00BA94EF /* LPMetroButton.h */ = {isa = PBXFileReference; fileEncoding = 4; lastKnownFileType = sourcecode.c.h; name = LPMetroButton.h; path = ../LPMetroButton.h; sourceTree = "<group>"; };
		BCC804B51A6FDDAE00BA94EF /* LPMetroButton.m */ = {isa = PBXFileReference; fileEncoding = 4; lastKnownFileType = sourcecode.c.objc; name = LPMetroButton.m; path = ../LPMetroButton.m; sourceTree = "<group>"; };
		BCC804B71A6FF9D600BA94EF /* NS(Attributed)String+Geometrics.h */ = {isa = PBXFileReference; fileEncoding = 4; lastKnownFileType = sourcecode.c.h; path = "NS(Attributed)String+Geometrics.h"; sourceTree = "<group>"; };
		BCC804B81A6FF9D600BA94EF /* NS(Attributed)String+Geometrics.m */ = {isa = PBXFileReference; fileEncoding = 4; lastKnownFileType = sourcecode.c.objc; path = "NS(Attributed)String+Geometrics.m"; sourceTree = "<group>"; };
		BCC804BA1A6FFD5D00BA94EF /* LPTranslateResultTableCellView.xib */ = {isa = PBXFileReference; fileEncoding = 4; lastKnownFileType = file.xib; path = LPTranslateResultTableCellView.xib; sourceTree = "<group>"; };
		BCC804BC1A7393E400BA94EF /* LPCommon.h */ = {isa = PBXFileReference; fileEncoding = 4; lastKnownFileType = sourcecode.c.h; path = LPCommon.h; sourceTree = "<group>"; };
		BCC804BD1A7393E400BA94EF /* LPCommon.m */ = {isa = PBXFileReference; fileEncoding = 4; lastKnownFileType = sourcecode.c.objc; path = LPCommon.m; sourceTree = "<group>"; };
		BCC804C41A73E96500BA94EF /* RecentListViewController.h */ = {isa = PBXFileReference; fileEncoding = 4; lastKnownFileType = sourcecode.c.h; path = RecentListViewController.h; sourceTree = "<group>"; };
		BCC804C51A73E96500BA94EF /* RecentListViewController.m */ = {isa = PBXFileReference; fileEncoding = 4; lastKnownFileType = sourcecode.c.objc; path = RecentListViewController.m; sourceTree = "<group>"; };
		BCC804C61A73E96500BA94EF /* RecentListViewController.xib */ = {isa = PBXFileReference; fileEncoding = 4; lastKnownFileType = file.xib; path = RecentListViewController.xib; sourceTree = "<group>"; };
		BCC804D91A748D6C00BA94EF /* INPopoverController.h */ = {isa = PBXFileReference; fileEncoding = 4; lastKnownFileType = sourcecode.c.h; path = INPopoverController.h; sourceTree = "<group>"; };
		BCC804DA1A748D6C00BA94EF /* INPopoverController.m */ = {isa = PBXFileReference; fileEncoding = 4; lastKnownFileType = sourcecode.c.objc; path = INPopoverController.m; sourceTree = "<group>"; };
		BCC804DB1A748D6C00BA94EF /* INPopoverControllerDefines.h */ = {isa = PBXFileReference; fileEncoding = 4; lastKnownFileType = sourcecode.c.h; path = INPopoverControllerDefines.h; sourceTree = "<group>"; };
		BCC804DC1A748D6C00BA94EF /* INPopoverParentWindow.h */ = {isa = PBXFileReference; fileEncoding = 4; lastKnownFileType = sourcecode.c.h; path = INPopoverParentWindow.h; sourceTree = "<group>"; };
		BCC804DD1A748D6C00BA94EF /* INPopoverParentWindow.m */ = {isa = PBXFileReference; fileEncoding = 4; lastKnownFileType = sourcecode.c.objc; path = INPopoverParentWindow.m; sourceTree = "<group>"; };
		BCC804DE1A748D6C00BA94EF /* INPopoverWindow.h */ = {isa = PBXFileReference; fileEncoding = 4; lastKnownFileType = sourcecode.c.h; path = INPopoverWindow.h; sourceTree = "<group>"; };
		BCC804DF1A748D6C00BA94EF /* INPopoverWindow.m */ = {isa = PBXFileReference; fileEncoding = 4; lastKnownFileType = sourcecode.c.objc; path = INPopoverWindow.m; sourceTree = "<group>"; };
		BCC804E01A748D6C00BA94EF /* INPopoverWindowFrame.h */ = {isa = PBXFileReference; fileEncoding = 4; lastKnownFileType = sourcecode.c.h; path = INPopoverWindowFrame.h; sourceTree = "<group>"; };
		BCC804E11A748D6C00BA94EF /* INPopoverWindowFrame.m */ = {isa = PBXFileReference; fileEncoding = 4; lastKnownFileType = sourcecode.c.objc; path = INPopoverWindowFrame.m; sourceTree = "<group>"; };
		BCC804E61A77D1C200BA94EF /* copy_press.png */ = {isa = PBXFileReference; lastKnownFileType = image.png; path = copy_press.png; sourceTree = "<group>"; };
		BCC804E71A77D1C200BA94EF /* copy_press@2x.png */ = {isa = PBXFileReference; lastKnownFileType = image.png; path = "copy_press@2x.png"; sourceTree = "<group>"; };
		BCC804E81A77D1C200BA94EF /* copy.png */ = {isa = PBXFileReference; lastKnownFileType = image.png; path = copy.png; sourceTree = "<group>"; };
		BCC804E91A77D1C200BA94EF /* copy@2x.png */ = {isa = PBXFileReference; lastKnownFileType = image.png; path = "copy@2x.png"; sourceTree = "<group>"; };
		BCC804EE1A77D33600BA94EF /* voice_press.png */ = {isa = PBXFileReference; lastKnownFileType = image.png; path = voice_press.png; sourceTree = "<group>"; };
		BCC804EF1A77D33600BA94EF /* voice_press@2x.png */ = {isa = PBXFileReference; lastKnownFileType = image.png; path = "voice_press@2x.png"; sourceTree = "<group>"; };
		BCC804F01A77D33600BA94EF /* voice.png */ = {isa = PBXFileReference; lastKnownFileType = image.png; path = voice.png; sourceTree = "<group>"; };
		BCC804F11A77D33600BA94EF /* voice@2x.png */ = {isa = PBXFileReference; lastKnownFileType = image.png; path = "voice@2x.png"; sourceTree = "<group>"; };
		BCC804F61A77DC3800BA94EF /* revert.png */ = {isa = PBXFileReference; lastKnownFileType = image.png; path = revert.png; sourceTree = "<group>"; };
		BCC804F71A77DC3800BA94EF /* revert@2x.png */ = {isa = PBXFileReference; lastKnownFileType = image.png; path = "revert@2x.png"; sourceTree = "<group>"; };
		BCC804FA1A7923CF00BA94EF /* clear.png */ = {isa = PBXFileReference; lastKnownFileType = image.png; path = clear.png; sourceTree = "<group>"; };
		BCC804FB1A7923CF00BA94EF /* clear@2x.png */ = {isa = PBXFileReference; lastKnownFileType = image.png; path = "clear@2x.png"; sourceTree = "<group>"; };
		BCC8BFC51A49B2830048F3B5 /* aTranslator.app */ = {isa = PBXFileReference; explicitFileType = wrapper.application; includeInIndex = 0; path = aTranslator.app; sourceTree = BUILT_PRODUCTS_DIR; };
		BCC8BFC91A49B2830048F3B5 /* Info.plist */ = {isa = PBXFileReference; lastKnownFileType = text.plist.xml; path = Info.plist; sourceTree = "<group>"; };
		BCC8BFCA1A49B2830048F3B5 /* AppDelegate.h */ = {isa = PBXFileReference; lastKnownFileType = sourcecode.c.h; path = AppDelegate.h; sourceTree = "<group>"; };
		BCC8BFCB1A49B2830048F3B5 /* AppDelegate.m */ = {isa = PBXFileReference; lastKnownFileType = sourcecode.c.objc; path = AppDelegate.m; sourceTree = "<group>"; };
		BCC8BFCD1A49B2830048F3B5 /* main.m */ = {isa = PBXFileReference; lastKnownFileType = sourcecode.c.objc; path = main.m; sourceTree = "<group>"; };
		BCC8BFCF1A49B2830048F3B5 /* Images.xcassets */ = {isa = PBXFileReference; lastKnownFileType = folder.assetcatalog; path = Images.xcassets; sourceTree = "<group>"; };
		BCC8BFD21A49B2830048F3B5 /* Base */ = {isa = PBXFileReference; lastKnownFileType = file.xib; name = Base; path = Base.lproj/MainMenu.xib; sourceTree = "<group>"; };
		BCC8BFDD1A49B2830048F3B5 /* Info.plist */ = {isa = PBXFileReference; lastKnownFileType = text.plist.xml; path = Info.plist; sourceTree = "<group>"; };
		BCC8BFDE1A49B2830048F3B5 /* DaisyTranslateTests.m */ = {isa = PBXFileReference; lastKnownFileType = sourcecode.c.objc; path = DaisyTranslateTests.m; sourceTree = "<group>"; };
		BCC8BFE81A49B5ED0048F3B5 /* languages.plist */ = {isa = PBXFileReference; fileEncoding = 4; lastKnownFileType = text.plist.xml; path = languages.plist; sourceTree = "<group>"; };
		BCC8BFEE1A49B9650048F3B5 /* ASICacheDelegate.h */ = {isa = PBXFileReference; fileEncoding = 4; lastKnownFileType = sourcecode.c.h; path = ASICacheDelegate.h; sourceTree = "<group>"; };
		BCC8BFEF1A49B9650048F3B5 /* ASIDataCompressor.h */ = {isa = PBXFileReference; fileEncoding = 4; lastKnownFileType = sourcecode.c.h; path = ASIDataCompressor.h; sourceTree = "<group>"; };
		BCC8BFF01A49B9650048F3B5 /* ASIDataCompressor.m */ = {isa = PBXFileReference; fileEncoding = 4; lastKnownFileType = sourcecode.c.objc; path = ASIDataCompressor.m; sourceTree = "<group>"; };
		BCC8BFF11A49B9650048F3B5 /* ASIDataDecompressor.h */ = {isa = PBXFileReference; fileEncoding = 4; lastKnownFileType = sourcecode.c.h; path = ASIDataDecompressor.h; sourceTree = "<group>"; };
		BCC8BFF21A49B9650048F3B5 /* ASIDataDecompressor.m */ = {isa = PBXFileReference; fileEncoding = 4; lastKnownFileType = sourcecode.c.objc; path = ASIDataDecompressor.m; sourceTree = "<group>"; };
		BCC8BFF31A49B9650048F3B5 /* ASIDownloadCache.h */ = {isa = PBXFileReference; fileEncoding = 4; lastKnownFileType = sourcecode.c.h; path = ASIDownloadCache.h; sourceTree = "<group>"; };
		BCC8BFF41A49B9650048F3B5 /* ASIDownloadCache.m */ = {isa = PBXFileReference; fileEncoding = 4; lastKnownFileType = sourcecode.c.objc; path = ASIDownloadCache.m; sourceTree = "<group>"; };
		BCC8BFF51A49B9650048F3B5 /* ASIFormDataRequest.h */ = {isa = PBXFileReference; fileEncoding = 4; lastKnownFileType = sourcecode.c.h; path = ASIFormDataRequest.h; sourceTree = "<group>"; };
		BCC8BFF61A49B9650048F3B5 /* ASIFormDataRequest.m */ = {isa = PBXFileReference; fileEncoding = 4; lastKnownFileType = sourcecode.c.objc; path = ASIFormDataRequest.m; sourceTree = "<group>"; };
		BCC8BFF71A49B9650048F3B5 /* ASIHTTPRequest.h */ = {isa = PBXFileReference; fileEncoding = 4; lastKnownFileType = sourcecode.c.h; path = ASIHTTPRequest.h; sourceTree = "<group>"; };
		BCC8BFF81A49B9650048F3B5 /* ASIHTTPRequest.m */ = {isa = PBXFileReference; fileEncoding = 4; lastKnownFileType = sourcecode.c.objc; path = ASIHTTPRequest.m; sourceTree = "<group>"; };
		BCC8BFF91A49B9650048F3B5 /* ASIHTTPRequestConfig.h */ = {isa = PBXFileReference; fileEncoding = 4; lastKnownFileType = sourcecode.c.h; path = ASIHTTPRequestConfig.h; sourceTree = "<group>"; };
		BCC8BFFA1A49B9650048F3B5 /* ASIHTTPRequestDelegate.h */ = {isa = PBXFileReference; fileEncoding = 4; lastKnownFileType = sourcecode.c.h; path = ASIHTTPRequestDelegate.h; sourceTree = "<group>"; };
		BCC8BFFB1A49B9650048F3B5 /* ASIInputStream.h */ = {isa = PBXFileReference; fileEncoding = 4; lastKnownFileType = sourcecode.c.h; path = ASIInputStream.h; sourceTree = "<group>"; };
		BCC8BFFC1A49B9650048F3B5 /* ASIInputStream.m */ = {isa = PBXFileReference; fileEncoding = 4; lastKnownFileType = sourcecode.c.objc; path = ASIInputStream.m; sourceTree = "<group>"; };
		BCC8BFFD1A49B9650048F3B5 /* ASINetworkQueue.h */ = {isa = PBXFileReference; fileEncoding = 4; lastKnownFileType = sourcecode.c.h; path = ASINetworkQueue.h; sourceTree = "<group>"; };
		BCC8BFFE1A49B9650048F3B5 /* ASINetworkQueue.m */ = {isa = PBXFileReference; fileEncoding = 4; lastKnownFileType = sourcecode.c.objc; path = ASINetworkQueue.m; sourceTree = "<group>"; };
		BCC8BFFF1A49B9650048F3B5 /* ASIProgressDelegate.h */ = {isa = PBXFileReference; fileEncoding = 4; lastKnownFileType = sourcecode.c.h; path = ASIProgressDelegate.h; sourceTree = "<group>"; };
		BCC8C0001A49B9650048F3B5 /* JSONKit.h */ = {isa = PBXFileReference; fileEncoding = 4; lastKnownFileType = sourcecode.c.h; path = JSONKit.h; sourceTree = "<group>"; };
		BCC8C0011A49B9650048F3B5 /* JSONKit.m */ = {isa = PBXFileReference; fileEncoding = 4; lastKnownFileType = sourcecode.c.objc; path = JSONKit.m; sourceTree = "<group>"; };
		BCC8C0021A49B9650048F3B5 /* Reachability.h */ = {isa = PBXFileReference; fileEncoding = 4; lastKnownFileType = sourcecode.c.h; path = Reachability.h; sourceTree = "<group>"; };
		BCC8C0031A49B9650048F3B5 /* Reachability.m */ = {isa = PBXFileReference; fileEncoding = 4; lastKnownFileType = sourcecode.c.objc; path = Reachability.m; sourceTree = "<group>"; };
		BCC8C00E1A49B9870048F3B5 /* SystemConfiguration.framework */ = {isa = PBXFileReference; lastKnownFileType = wrapper.framework; name = SystemConfiguration.framework; path = System/Library/Frameworks/SystemConfiguration.framework; sourceTree = SDKROOT; };
		BCC8C0101A49B9960048F3B5 /* CFNetwork.framework */ = {isa = PBXFileReference; lastKnownFileType = wrapper.framework; name = CFNetwork.framework; path = System/Library/Frameworks/CFNetwork.framework; sourceTree = SDKROOT; };
		BCC8C0121A49B9B40048F3B5 /* libz.1.2.5.dylib */ = {isa = PBXFileReference; lastKnownFileType = "compiled.mach-o.dylib"; name = libz.1.2.5.dylib; path = usr/lib/libz.1.2.5.dylib; sourceTree = SDKROOT; };
		BCC8C0141A49BAEE0048F3B5 /* LPCommonDefine.h */ = {isa = PBXFileReference; fileEncoding = 4; lastKnownFileType = sourcecode.c.h; name = LPCommonDefine.h; path = ../LPCommonDefine.h; sourceTree = "<group>"; };
		BCC8C01B1A49BC1E0048F3B5 /* LPTranslateService.h */ = {isa = PBXFileReference; fileEncoding = 4; lastKnownFileType = sourcecode.c.h; path = LPTranslateService.h; sourceTree = "<group>"; };
		BCC8C01C1A49BC1E0048F3B5 /* LPTranslateService.m */ = {isa = PBXFileReference; fileEncoding = 4; lastKnownFileType = sourcecode.c.objc; path = LPTranslateService.m; sourceTree = "<group>"; };
		BCC8C0251A49C9320048F3B5 /* LPTranslateResult.h */ = {isa = PBXFileReference; fileEncoding = 4; lastKnownFileType = sourcecode.c.h; path = LPTranslateResult.h; sourceTree = "<group>"; };
		BCC8C0261A49C9320048F3B5 /* LPTranslateResult.m */ = {isa = PBXFileReference; fileEncoding = 4; lastKnownFileType = sourcecode.c.objc; path = LPTranslateResult.m; sourceTree = "<group>"; };
		BCD169531A7DE73900DA9417 /* PTHotKey+ShortcutRecorder.h */ = {isa = PBXFileReference; fileEncoding = 4; lastKnownFileType = sourcecode.c.h; path = "PTHotKey+ShortcutRecorder.h"; sourceTree = "<group>"; };
		BCD169541A7DE73900DA9417 /* PTHotKey+ShortcutRecorder.m */ = {isa = PBXFileReference; fileEncoding = 4; lastKnownFileType = sourcecode.c.objc; path = "PTHotKey+ShortcutRecorder.m"; sourceTree = "<group>"; };
		BCD169551A7DE73900DA9417 /* PTHotKey.h */ = {isa = PBXFileReference; fileEncoding = 4; lastKnownFileType = sourcecode.c.h; path = PTHotKey.h; sourceTree = "<group>"; };
		BCD169561A7DE73900DA9417 /* PTHotKey.m */ = {isa = PBXFileReference; fileEncoding = 4; lastKnownFileType = sourcecode.c.objc; path = PTHotKey.m; sourceTree = "<group>"; };
		BCD169571A7DE73900DA9417 /* PTHotKeyCenter.h */ = {isa = PBXFileReference; fileEncoding = 4; lastKnownFileType = sourcecode.c.h; path = PTHotKeyCenter.h; sourceTree = "<group>"; };
		BCD169581A7DE73900DA9417 /* PTHotKeyCenter.m */ = {isa = PBXFileReference; fileEncoding = 4; lastKnownFileType = sourcecode.c.objc; path = PTHotKeyCenter.m; sourceTree = "<group>"; };
		BCD169591A7DE73900DA9417 /* PTKeyBroadcaster.h */ = {isa = PBXFileReference; fileEncoding = 4; lastKnownFileType = sourcecode.c.h; path = PTKeyBroadcaster.h; sourceTree = "<group>"; };
		BCD1695A1A7DE73900DA9417 /* PTKeyBroadcaster.m */ = {isa = PBXFileReference; fileEncoding = 4; lastKnownFileType = sourcecode.c.objc; path = PTKeyBroadcaster.m; sourceTree = "<group>"; };
		BCD1695B1A7DE73900DA9417 /* PTKeyCodes.plist */ = {isa = PBXFileReference; lastKnownFileType = text.plist; path = PTKeyCodes.plist; sourceTree = "<group>"; };
		BCD1695C1A7DE73900DA9417 /* PTKeyCodeTranslator.h */ = {isa = PBXFileReference; fileEncoding = 4; lastKnownFileType = sourcecode.c.h; path = PTKeyCodeTranslator.h; sourceTree = "<group>"; };
		BCD1695D1A7DE73900DA9417 /* PTKeyCodeTranslator.m */ = {isa = PBXFileReference; fileEncoding = 4; lastKnownFileType = sourcecode.c.objc; path = PTKeyCodeTranslator.m; sourceTree = "<group>"; };
		BCD1695E1A7DE73900DA9417 /* PTKeyCombo.h */ = {isa = PBXFileReference; fileEncoding = 4; lastKnownFileType = sourcecode.c.h; path = PTKeyCombo.h; sourceTree = "<group>"; };
		BCD1695F1A7DE73900DA9417 /* PTKeyCombo.m */ = {isa = PBXFileReference; fileEncoding = 4; lastKnownFileType = sourcecode.c.objc; path = PTKeyCombo.m; sourceTree = "<group>"; };
		BCD169601A7DE73900DA9417 /* SRCommon.h */ = {isa = PBXFileReference; fileEncoding = 4; lastKnownFileType = sourcecode.c.h; path = SRCommon.h; sourceTree = "<group>"; };
		BCD169611A7DE73900DA9417 /* SRCommon.m */ = {isa = PBXFileReference; fileEncoding = 4; lastKnownFileType = sourcecode.c.objc; path = SRCommon.m; sourceTree = "<group>"; };
		BCD169621A7DE73900DA9417 /* SRKeyCodeTransformer.h */ = {isa = PBXFileReference; fileEncoding = 4; lastKnownFileType = sourcecode.c.h; path = SRKeyCodeTransformer.h; sourceTree = "<group>"; };
		BCD169631A7DE73900DA9417 /* SRKeyCodeTransformer.m */ = {isa = PBXFileReference; fileEncoding = 4; lastKnownFileType = sourcecode.c.objc; path = SRKeyCodeTransformer.m; sourceTree = "<group>"; };
		BCD169641A7DE73900DA9417 /* SRRecorderCell.h */ = {isa = PBXFileReference; fileEncoding = 4; lastKnownFileType = sourcecode.c.h; path = SRRecorderCell.h; sourceTree = "<group>"; };
		BCD169651A7DE73900DA9417 /* SRRecorderCell.m */ = {isa = PBXFileReference; fileEncoding = 4; lastKnownFileType = sourcecode.c.objc; path = SRRecorderCell.m; sourceTree = "<group>"; };
		BCD169661A7DE73900DA9417 /* SRRecorderControl.h */ = {isa = PBXFileReference; fileEncoding = 4; lastKnownFileType = sourcecode.c.h; path = SRRecorderControl.h; sourceTree = "<group>"; };
		BCD169671A7DE73900DA9417 /* SRRecorderControl.m */ = {isa = PBXFileReference; fileEncoding = 4; lastKnownFileType = sourcecode.c.objc; path = SRRecorderControl.m; sourceTree = "<group>"; };
		BCD169681A7DE73900DA9417 /* SRValidator.h */ = {isa = PBXFileReference; fileEncoding = 4; lastKnownFileType = sourcecode.c.h; path = SRValidator.h; sourceTree = "<group>"; };
		BCD169691A7DE73900DA9417 /* SRValidator.m */ = {isa = PBXFileReference; fileEncoding = 4; lastKnownFileType = sourcecode.c.objc; path = SRValidator.m; sourceTree = "<group>"; };
		BCE2F2E81AAC302C0052B5C8 /* RemoveShortcut.png */ = {isa = PBXFileReference; lastKnownFileType = image.png; path = RemoveShortcut.png; sourceTree = "<group>"; };
		BCE2F2E91AAC302C0052B5C8 /* RemoveShortcutPressed.png */ = {isa = PBXFileReference; lastKnownFileType = image.png; path = RemoveShortcutPressed.png; sourceTree = "<group>"; };
		BCE2F2EA1AAC302C0052B5C8 /* Snapback.png */ = {isa = PBXFileReference; lastKnownFileType = image.png; path = Snapback.png; sourceTree = "<group>"; };
		BCE2F2EB1AAC302C0052B5C8 /* SRRemoveShortcut.tif */ = {isa = PBXFileReference; lastKnownFileType = image.tiff; path = SRRemoveShortcut.tif; sourceTree = "<group>"; };
		BCE2F2EC1AAC302C0052B5C8 /* SRRemoveShortcutPressed.tif */ = {isa = PBXFileReference; lastKnownFileType = image.tiff; path = SRRemoveShortcutPressed.tif; sourceTree = "<group>"; };
		BCE2F2ED1AAC302C0052B5C8 /* SRRemoveShortcutRollover.tif */ = {isa = PBXFileReference; lastKnownFileType = image.tiff; path = SRRemoveShortcutRollover.tif; sourceTree = "<group>"; };
		BCE2F2EE1AAC302C0052B5C8 /* SRSnapback.tiff */ = {isa = PBXFileReference; lastKnownFileType = image.tiff; path = SRSnapback.tiff; sourceTree = "<group>"; };
		BCE2F2F61AAC38C90052B5C8 /* AppDelegate+Setting.h */ = {isa = PBXFileReference; fileEncoding = 4; lastKnownFileType = sourcecode.c.h; path = "AppDelegate+Setting.h"; sourceTree = "<group>"; };
		BCE2F2F71AAC38C90052B5C8 /* AppDelegate+Setting.m */ = {isa = PBXFileReference; fileEncoding = 4; lastKnownFileType = sourcecode.c.objc; path = "AppDelegate+Setting.m"; sourceTree = "<group>"; };
/* End PBXFileReference section */

/* Begin PBXFrameworksBuildPhase section */
		BCC8BFC21A49B2830048F3B5 /* Frameworks */ = {
			isa = PBXFrameworksBuildPhase;
			buildActionMask = 2147483647;
			files = (
				BC5936C51AC053470015A674 /* ServiceManagement.framework in Frameworks */,
				BCC8C0131A49B9B40048F3B5 /* libz.1.2.5.dylib in Frameworks */,
				BCC8C0111A49B9960048F3B5 /* CFNetwork.framework in Frameworks */,
				BCC8C00F1A49B9870048F3B5 /* SystemConfiguration.framework in Frameworks */,
			);
			runOnlyForDeploymentPostprocessing = 0;
		};
/* End PBXFrameworksBuildPhase section */

/* Begin PBXGroup section */
		BC5936BC1AC052210015A674 /* Products */ = {
			isa = PBXGroup;
			children = (
				BC5936C11AC052230015A674 /* DaisyTranslateAppHelper.app */,
				BC5936C31AC052230015A674 /* DaisyTranslateAppHelperTests.xctest */,
			);
			name = Products;
			sourceTree = "<group>";
		};
		BCC804161A62BECC00BA94EF /* Image */ = {
			isa = PBXGroup;
			children = (
				BCB22A5D1AB404E800939577 /* status_icon_hi.png */,
				BCB22A5E1AB404E800939577 /* status_icon_normal.png */,
				BCC804FA1A7923CF00BA94EF /* clear.png */,
				BCC804FB1A7923CF00BA94EF /* clear@2x.png */,
				BCC804F61A77DC3800BA94EF /* revert.png */,
				BCC804F71A77DC3800BA94EF /* revert@2x.png */,
				BCC804EE1A77D33600BA94EF /* voice_press.png */,
				BCC804EF1A77D33600BA94EF /* voice_press@2x.png */,
				BCC804F01A77D33600BA94EF /* voice.png */,
				BCC804F11A77D33600BA94EF /* voice@2x.png */,
				BCC804E61A77D1C200BA94EF /* copy_press.png */,
				BCC804E71A77D1C200BA94EF /* copy_press@2x.png */,
				BCC804E81A77D1C200BA94EF /* copy.png */,
				BCC804E91A77D1C200BA94EF /* copy@2x.png */,
			);
			path = Image;
			sourceTree = "<group>";
		};
		BCC804711A6BC52500BA94EF /* INAppStoreWindow */ = {
			isa = PBXGroup;
			children = (
				BCC804721A6BC52500BA94EF /* Extensions */,
				BCC804791A6BC52500BA94EF /* INAppStoreWindow.h */,
				BCC8047A1A6BC52500BA94EF /* INAppStoreWindow.m */,
				BCC8047B1A6BC52500BA94EF /* INAppStoreWindowCompatibility.h */,
				BCC8047C1A6BC52500BA94EF /* INWindowButton.h */,
				BCC8047D1A6BC52500BA94EF /* INWindowButton.m */,
			);
			path = INAppStoreWindow;
			sourceTree = "<group>";
		};
		BCC804721A6BC52500BA94EF /* Extensions */ = {
			isa = PBXGroup;
			children = (
				BCC804731A6BC52500BA94EF /* INAppStoreWindowSwizzling.c */,
				BCC804741A6BC52500BA94EF /* INAppStoreWindowSwizzling.h */,
				BCC804751A6BC52500BA94EF /* INWindowBackgroundView+CoreUIRendering.h */,
				BCC804761A6BC52500BA94EF /* INWindowBackgroundView+CoreUIRendering.m */,
				BCC804771A6BC52500BA94EF /* NSDocument+INAppStoreWindowFixes.h */,
				BCC804781A6BC52500BA94EF /* NSDocument+INAppStoreWindowFixes.m */,
			);
			path = Extensions;
			sourceTree = "<group>";
		};
		BCC804A91A6C0A8900BA94EF /* View */ = {
			isa = PBXGroup;
			children = (
				BCC8044E1A6B7D3F00BA94EF /* LPCoustomView.h */,
				BCC8044F1A6B7D3F00BA94EF /* LPCoustomView.m */,
				BCC804B41A6FDDAE00BA94EF /* LPMetroButton.h */,
				BCC804B51A6FDDAE00BA94EF /* LPMetroButton.m */,
				BCC804AA1A6C0AB400BA94EF /* LPInputTableCellView.h */,
				BCC804AB1A6C0AB400BA94EF /* LPInputTableCellView.m */,
				BCC804AD1A6D37CB00BA94EF /* LPInputFootTableCellView.h */,
				BCC804AE1A6D37CB00BA94EF /* LPInputFootTableCellView.m */,
				BCC804B01A6D49E100BA94EF /* LPTranslateResultTableCellView.h */,
				BCC804B11A6D49E100BA94EF /* LPTranslateResultTableCellView.m */,
				BCC804BA1A6FFD5D00BA94EF /* LPTranslateResultTableCellView.xib */,
				BCC804C41A73E96500BA94EF /* RecentListViewController.h */,
				BCC804C51A73E96500BA94EF /* RecentListViewController.m */,
				BCC804C61A73E96500BA94EF /* RecentListViewController.xib */,
			);
			path = View;
			sourceTree = "<group>";
		};
		BCC804D81A748D6C00BA94EF /* INPopoverController */ = {
			isa = PBXGroup;
			children = (
				BCC804D91A748D6C00BA94EF /* INPopoverController.h */,
				BCC804DA1A748D6C00BA94EF /* INPopoverController.m */,
				BCC804DB1A748D6C00BA94EF /* INPopoverControllerDefines.h */,
				BCC804DC1A748D6C00BA94EF /* INPopoverParentWindow.h */,
				BCC804DD1A748D6C00BA94EF /* INPopoverParentWindow.m */,
				BCC804DE1A748D6C00BA94EF /* INPopoverWindow.h */,
				BCC804DF1A748D6C00BA94EF /* INPopoverWindow.m */,
				BCC804E01A748D6C00BA94EF /* INPopoverWindowFrame.h */,
				BCC804E11A748D6C00BA94EF /* INPopoverWindowFrame.m */,
			);
			path = INPopoverController;
			sourceTree = "<group>";
		};
		BCC8BFBC1A49B2830048F3B5 = {
			isa = PBXGroup;
			children = (
				BC5936BB1AC052210015A674 /* DaisyTranslateAppHelper.xcodeproj */,
				BCC8C0121A49B9B40048F3B5 /* libz.1.2.5.dylib */,
				BC5936C41AC053470015A674 /* ServiceManagement.framework */,
				BCC8C0101A49B9960048F3B5 /* CFNetwork.framework */,
				BCC8C00E1A49B9870048F3B5 /* SystemConfiguration.framework */,
				BCC8BFC71A49B2830048F3B5 /* DaisyTranslate */,
				BCC8BFDB1A49B2830048F3B5 /* DaisyTranslateTests */,
				BCC8BFC61A49B2830048F3B5 /* Products */,
			);
			sourceTree = "<group>";
		};
		BCC8BFC61A49B2830048F3B5 /* Products */ = {
			isa = PBXGroup;
			children = (
				BCC8BFC51A49B2830048F3B5 /* aTranslator.app */,
			);
			name = Products;
			sourceTree = "<group>";
		};
		BCC8BFC71A49B2830048F3B5 /* DaisyTranslate */ = {
			isa = PBXGroup;
			children = (
				BCC8BFCA1A49B2830048F3B5 /* AppDelegate.h */,
				BCC8BFCB1A49B2830048F3B5 /* AppDelegate.m */,
				BCE2F2F61AAC38C90052B5C8 /* AppDelegate+Setting.h */,
				BCE2F2F71AAC38C90052B5C8 /* AppDelegate+Setting.m */,
				BCB22A5A1AB4032900939577 /* StatusBarView.h */,
				BCB22A5B1AB4032900939577 /* StatusBarView.m */,
				BCC804BC1A7393E400BA94EF /* LPCommon.h */,
				BCC804BD1A7393E400BA94EF /* LPCommon.m */,
				BCC8046E1A6BB1AA00BA94EF /* NSTextView+Placeholder.h */,
				BCC8046F1A6BB1AA00BA94EF /* NSTextView+Placeholder.m */,
				BCC804B71A6FF9D600BA94EF /* NS(Attributed)String+Geometrics.h */,
				BCC804B81A6FF9D600BA94EF /* NS(Attributed)String+Geometrics.m */,
				BCC804A91A6C0A8900BA94EF /* View */,
				BCC8C0241A49C9320048F3B5 /* Model */,
				BCC8C01A1A49BC1E0048F3B5 /* Core */,
				BCC8BFEA1A49B9650048F3B5 /* ThirdPart */,
				BCC8BFCF1A49B2830048F3B5 /* Images.xcassets */,
				BCC8BFD11A49B2830048F3B5 /* MainMenu.xib */,
				BCC8BFC81A49B2830048F3B5 /* Supporting Files */,
			);
			path = DaisyTranslate;
			sourceTree = "<group>";
		};
		BCC8BFC81A49B2830048F3B5 /* Supporting Files */ = {
			isa = PBXGroup;
			children = (
				BCC6D25C1AC453310047472F /* Credits.rtf */,
				BCC804161A62BECC00BA94EF /* Image */,
				BCC804111A62599400BA94EF /* icon.icns */,
				BCC8BFC91A49B2830048F3B5 /* Info.plist */,
				BCC8BFCD1A49B2830048F3B5 /* main.m */,
				BCC8BFE81A49B5ED0048F3B5 /* languages.plist */,
				BCC6D2501AC1B35D0047472F /* Localizable.strings */,
			);
			name = "Supporting Files";
			sourceTree = "<group>";
		};
		BCC8BFDB1A49B2830048F3B5 /* DaisyTranslateTests */ = {
			isa = PBXGroup;
			children = (
				BCC8BFDE1A49B2830048F3B5 /* DaisyTranslateTests.m */,
				BCC8BFDC1A49B2830048F3B5 /* Supporting Files */,
			);
			path = DaisyTranslateTests;
			sourceTree = "<group>";
		};
		BCC8BFDC1A49B2830048F3B5 /* Supporting Files */ = {
			isa = PBXGroup;
			children = (
				BCC8BFDD1A49B2830048F3B5 /* Info.plist */,
			);
			name = "Supporting Files";
			sourceTree = "<group>";
		};
		BCC8BFEA1A49B9650048F3B5 /* ThirdPart */ = {
			isa = PBXGroup;
			children = (
				BCD169511A7DE73900DA9417 /* shotcutRecorder */,
				BCC804D81A748D6C00BA94EF /* INPopoverController */,
				BCC804711A6BC52500BA94EF /* INAppStoreWindow */,
				BCC8BFEB1A49B9650048F3B5 /* ASIHTTPRequest */,
			);
			path = ThirdPart;
			sourceTree = "<group>";
		};
		BCC8BFEB1A49B9650048F3B5 /* ASIHTTPRequest */ = {
			isa = PBXGroup;
			children = (
				BCC8BFEE1A49B9650048F3B5 /* ASICacheDelegate.h */,
				BCC8BFEF1A49B9650048F3B5 /* ASIDataCompressor.h */,
				BCC8BFF01A49B9650048F3B5 /* ASIDataCompressor.m */,
				BCC8BFF11A49B9650048F3B5 /* ASIDataDecompressor.h */,
				BCC8BFF21A49B9650048F3B5 /* ASIDataDecompressor.m */,
				BCC8BFF31A49B9650048F3B5 /* ASIDownloadCache.h */,
				BCC8BFF41A49B9650048F3B5 /* ASIDownloadCache.m */,
				BCC8BFF51A49B9650048F3B5 /* ASIFormDataRequest.h */,
				BCC8BFF61A49B9650048F3B5 /* ASIFormDataRequest.m */,
				BCC8BFF71A49B9650048F3B5 /* ASIHTTPRequest.h */,
				BCC8BFF81A49B9650048F3B5 /* ASIHTTPRequest.m */,
				BCC8BFF91A49B9650048F3B5 /* ASIHTTPRequestConfig.h */,
				BCC8BFFA1A49B9650048F3B5 /* ASIHTTPRequestDelegate.h */,
				BCC8BFFB1A49B9650048F3B5 /* ASIInputStream.h */,
				BCC8BFFC1A49B9650048F3B5 /* ASIInputStream.m */,
				BCC8BFFD1A49B9650048F3B5 /* ASINetworkQueue.h */,
				BCC8BFFE1A49B9650048F3B5 /* ASINetworkQueue.m */,
				BCC8BFFF1A49B9650048F3B5 /* ASIProgressDelegate.h */,
				BCC8C0001A49B9650048F3B5 /* JSONKit.h */,
				BCC8C0011A49B9650048F3B5 /* JSONKit.m */,
				BCC8C0021A49B9650048F3B5 /* Reachability.h */,
				BCC8C0031A49B9650048F3B5 /* Reachability.m */,
			);
			path = ASIHTTPRequest;
			sourceTree = "<group>";
		};
		BCC8C01A1A49BC1E0048F3B5 /* Core */ = {
			isa = PBXGroup;
			children = (
				BCC8C0141A49BAEE0048F3B5 /* LPCommonDefine.h */,
				BCC8C01B1A49BC1E0048F3B5 /* LPTranslateService.h */,
				BCC8C01C1A49BC1E0048F3B5 /* LPTranslateService.m */,
			);
			path = Core;
			sourceTree = "<group>";
		};
		BCC8C0241A49C9320048F3B5 /* Model */ = {
			isa = PBXGroup;
			children = (
				BCC8C0251A49C9320048F3B5 /* LPTranslateResult.h */,
				BCC8C0261A49C9320048F3B5 /* LPTranslateResult.m */,
			);
			path = Model;
			sourceTree = "<group>";
		};
		BCD169511A7DE73900DA9417 /* shotcutRecorder */ = {
			isa = PBXGroup;
			children = (
				BCE2F2E71AAC302C0052B5C8 /* image */,
				BCD169521A7DE73900DA9417 /* PTHotKetLib */,
				BCD169601A7DE73900DA9417 /* SRCommon.h */,
				BCD169611A7DE73900DA9417 /* SRCommon.m */,
				BCD169621A7DE73900DA9417 /* SRKeyCodeTransformer.h */,
				BCD169631A7DE73900DA9417 /* SRKeyCodeTransformer.m */,
				BCD169641A7DE73900DA9417 /* SRRecorderCell.h */,
				BCD169651A7DE73900DA9417 /* SRRecorderCell.m */,
				BCD169661A7DE73900DA9417 /* SRRecorderControl.h */,
				BCD169671A7DE73900DA9417 /* SRRecorderControl.m */,
				BCD169681A7DE73900DA9417 /* SRValidator.h */,
				BCD169691A7DE73900DA9417 /* SRValidator.m */,
			);
			path = shotcutRecorder;
			sourceTree = "<group>";
		};
		BCD169521A7DE73900DA9417 /* PTHotKetLib */ = {
			isa = PBXGroup;
			children = (
				BCD169531A7DE73900DA9417 /* PTHotKey+ShortcutRecorder.h */,
				BCD169541A7DE73900DA9417 /* PTHotKey+ShortcutRecorder.m */,
				BCD169551A7DE73900DA9417 /* PTHotKey.h */,
				BCD169561A7DE73900DA9417 /* PTHotKey.m */,
				BCD169571A7DE73900DA9417 /* PTHotKeyCenter.h */,
				BCD169581A7DE73900DA9417 /* PTHotKeyCenter.m */,
				BCD169591A7DE73900DA9417 /* PTKeyBroadcaster.h */,
				BCD1695A1A7DE73900DA9417 /* PTKeyBroadcaster.m */,
				BCD1695B1A7DE73900DA9417 /* PTKeyCodes.plist */,
				BCD1695C1A7DE73900DA9417 /* PTKeyCodeTranslator.h */,
				BCD1695D1A7DE73900DA9417 /* PTKeyCodeTranslator.m */,
				BCD1695E1A7DE73900DA9417 /* PTKeyCombo.h */,
				BCD1695F1A7DE73900DA9417 /* PTKeyCombo.m */,
			);
			path = PTHotKetLib;
			sourceTree = "<group>";
		};
		BCE2F2E71AAC302C0052B5C8 /* image */ = {
			isa = PBXGroup;
			children = (
				BCE2F2E81AAC302C0052B5C8 /* RemoveShortcut.png */,
				BCE2F2E91AAC302C0052B5C8 /* RemoveShortcutPressed.png */,
				BCE2F2EA1AAC302C0052B5C8 /* Snapback.png */,
				BCE2F2EB1AAC302C0052B5C8 /* SRRemoveShortcut.tif */,
				BCE2F2EC1AAC302C0052B5C8 /* SRRemoveShortcutPressed.tif */,
				BCE2F2ED1AAC302C0052B5C8 /* SRRemoveShortcutRollover.tif */,
				BCE2F2EE1AAC302C0052B5C8 /* SRSnapback.tiff */,
			);
			path = image;
			sourceTree = "<group>";
		};
/* End PBXGroup section */

/* Begin PBXNativeTarget section */
		BCC8BFC41A49B2830048F3B5 /* DaisyTranslate */ = {
			isa = PBXNativeTarget;
			buildConfigurationList = BCC8BFE21A49B2830048F3B5 /* Build configuration list for PBXNativeTarget "DaisyTranslate" */;
			buildPhases = (
				BCC8BFC11A49B2830048F3B5 /* Sources */,
				BCC8BFC21A49B2830048F3B5 /* Frameworks */,
				BCC8BFC31A49B2830048F3B5 /* Resources */,
				BC5936C61AC054D70015A674 /* CopyFiles */,
			);
			buildRules = (
			);
			dependencies = (
			);
			name = DaisyTranslate;
			productName = DaisyTranslate;
			productReference = BCC8BFC51A49B2830048F3B5 /* aTranslator.app */;
			productType = "com.apple.product-type.application";
		};
/* End PBXNativeTarget section */

/* Begin PBXProject section */
		BCC8BFBD1A49B2830048F3B5 /* Project object */ = {
			isa = PBXProject;
			attributes = {
				LastUpgradeCheck = 0610;
				ORGANIZATIONNAME = Cocoamad;
				TargetAttributes = {
					BCC8BFC41A49B2830048F3B5 = {
						CreatedOnToolsVersion = 6.1.1;
					};
				};
			};
			buildConfigurationList = BCC8BFC01A49B2830048F3B5 /* Build configuration list for PBXProject "DaisyTranslate" */;
			compatibilityVersion = "Xcode 3.2";
			developmentRegion = English;
			hasScannedForEncodings = 0;
			knownRegions = (
				en,
				Base,
				"zh-Hans",
			);
			mainGroup = BCC8BFBC1A49B2830048F3B5;
			productRefGroup = BCC8BFC61A49B2830048F3B5 /* Products */;
			projectDirPath = "";
			projectReferences = (
				{
					ProductGroup = BC5936BC1AC052210015A674 /* Products */;
					ProjectRef = BC5936BB1AC052210015A674 /* DaisyTranslateAppHelper.xcodeproj */;
				},
			);
			projectRoot = "";
			targets = (
				BCC8BFC41A49B2830048F3B5 /* DaisyTranslate */,
			);
		};
/* End PBXProject section */

/* Begin PBXReferenceProxy section */
		BC5936C11AC052230015A674 /* DaisyTranslateAppHelper.app */ = {
			isa = PBXReferenceProxy;
			fileType = wrapper.application;
			path = DaisyTranslateAppHelper.app;
			remoteRef = BC5936C01AC052230015A674 /* PBXContainerItemProxy */;
			sourceTree = BUILT_PRODUCTS_DIR;
		};
		BC5936C31AC052230015A674 /* DaisyTranslateAppHelperTests.xctest */ = {
			isa = PBXReferenceProxy;
			fileType = wrapper.cfbundle;
			path = DaisyTranslateAppHelperTests.xctest;
			remoteRef = BC5936C21AC052230015A674 /* PBXContainerItemProxy */;
			sourceTree = BUILT_PRODUCTS_DIR;
		};
/* End PBXReferenceProxy section */

/* Begin PBXResourcesBuildPhase section */
		BCC8BFC31A49B2830048F3B5 /* Resources */ = {
			isa = PBXResourcesBuildPhase;
			buildActionMask = 2147483647;
			files = (
				BCE2F2F51AAC302C0052B5C8 /* SRSnapback.tiff in Resources */,
				BCC804EA1A77D1C200BA94EF /* copy_press.png in Resources */,
				BCE2F2F31AAC302C0052B5C8 /* SRRemoveShortcutPressed.tif in Resources */,
				BCC804F31A77D33600BA94EF /* voice_press@2x.png in Resources */,
				BCC804F91A77DC3800BA94EF /* revert@2x.png in Resources */,
				BCE2F2EF1AAC302C0052B5C8 /* RemoveShortcut.png in Resources */,
				BCD1696E1A7DE73900DA9417 /* PTKeyCodes.plist in Resources */,
				BCC804F21A77D33600BA94EF /* voice_press.png in Resources */,
				BCC804C81A73E96500BA94EF /* RecentListViewController.xib in Resources */,
				BCE2F2F01AAC302C0052B5C8 /* RemoveShortcutPressed.png in Resources */,
				BCC804EC1A77D1C200BA94EF /* copy.png in Resources */,
				BCB22A5F1AB404E800939577 /* status_icon_hi.png in Resources */,
				BCC804FD1A7923CF00BA94EF /* clear@2x.png in Resources */,
				BCB22A601AB404E800939577 /* status_icon_normal.png in Resources */,
				BCC8BFE91A49B5ED0048F3B5 /* languages.plist in Resources */,
				BCC804FC1A7923CF00BA94EF /* clear.png in Resources */,
				BCC804121A62599400BA94EF /* icon.icns in Resources */,
				BCC804F51A77D33600BA94EF /* voice@2x.png in Resources */,
				BCE2F2F11AAC302C0052B5C8 /* Snapback.png in Resources */,
				BCC8BFD01A49B2830048F3B5 /* Images.xcassets in Resources */,
				BCC804F41A77D33600BA94EF /* voice.png in Resources */,
				BCC804EB1A77D1C200BA94EF /* copy_press@2x.png in Resources */,
				BCC6D24E1AC1B35D0047472F /* Localizable.strings in Resources */,
				BCC804ED1A77D1C200BA94EF /* copy@2x.png in Resources */,
				BCC8BFD31A49B2830048F3B5 /* MainMenu.xib in Resources */,
				BCC6D25D1AC453310047472F /* Credits.rtf in Resources */,
				BCC804BB1A6FFD5D00BA94EF /* LPTranslateResultTableCellView.xib in Resources */,
				BCE2F2F21AAC302C0052B5C8 /* SRRemoveShortcut.tif in Resources */,
				BCE2F2F41AAC302C0052B5C8 /* SRRemoveShortcutRollover.tif in Resources */,
				BCC804F81A77DC3800BA94EF /* revert.png in Resources */,
			);
			runOnlyForDeploymentPostprocessing = 0;
		};
/* End PBXResourcesBuildPhase section */

/* Begin PBXSourcesBuildPhase section */
		BCC8BFC11A49B2830048F3B5 /* Sources */ = {
			isa = PBXSourcesBuildPhase;
			buildActionMask = 2147483647;
			files = (
				BCC804C71A73E96500BA94EF /* RecentListViewController.m in Sources */,
				BCD169711A7DE73900DA9417 /* SRCommon.m in Sources */,
				BCC804BE1A7393E400BA94EF /* LPCommon.m in Sources */,
				BCC8C0081A49B9650048F3B5 /* ASIFormDataRequest.m in Sources */,
				BCC804B21A6D49E100BA94EF /* LPTranslateResultTableCellView.m in Sources */,
				BCC8C0091A49B9650048F3B5 /* ASIHTTPRequest.m in Sources */,
				BCC804E31A748D6C00BA94EF /* INPopoverParentWindow.m in Sources */,
				BCC8049A1A6BC52500BA94EF /* INWindowButton.m in Sources */,
				BCD169701A7DE73900DA9417 /* PTKeyCombo.m in Sources */,
				BCC804E21A748D6C00BA94EF /* INPopoverController.m in Sources */,
				BCB22A5C1AB4032900939577 /* StatusBarView.m in Sources */,
				BCD169741A7DE73900DA9417 /* SRRecorderControl.m in Sources */,
				BCD169751A7DE73900DA9417 /* SRValidator.m in Sources */,
				BCC8C01D1A49BC1E0048F3B5 /* LPTranslateService.m in Sources */,
				BCC8BFCE1A49B2830048F3B5 /* main.m in Sources */,
				BCC8C00B1A49B9650048F3B5 /* ASINetworkQueue.m in Sources */,
				BCD1696A1A7DE73900DA9417 /* PTHotKey+ShortcutRecorder.m in Sources */,
				BCD169731A7DE73900DA9417 /* SRRecorderCell.m in Sources */,
				BCC8C0071A49B9650048F3B5 /* ASIDownloadCache.m in Sources */,
				BCC8C00A1A49B9650048F3B5 /* ASIInputStream.m in Sources */,
				BCE2F2F81AAC38C90052B5C8 /* AppDelegate+Setting.m in Sources */,
				BCC804E51A748D6C00BA94EF /* INPopoverWindowFrame.m in Sources */,
				BCC804B61A6FDDAE00BA94EF /* LPMetroButton.m in Sources */,
				BCC804E41A748D6C00BA94EF /* INPopoverWindow.m in Sources */,
				BCC804991A6BC52500BA94EF /* INAppStoreWindow.m in Sources */,
				BCC804B91A6FF9D600BA94EF /* NS(Attributed)String+Geometrics.m in Sources */,
				BCC8C0051A49B9650048F3B5 /* ASIDataCompressor.m in Sources */,
				BCC804981A6BC52500BA94EF /* NSDocument+INAppStoreWindowFixes.m in Sources */,
				BCC8BFCC1A49B2830048F3B5 /* AppDelegate.m in Sources */,
				BCD169721A7DE73900DA9417 /* SRKeyCodeTransformer.m in Sources */,
				BCD1696B1A7DE73900DA9417 /* PTHotKey.m in Sources */,
				BCC804501A6B7D3F00BA94EF /* LPCoustomView.m in Sources */,
				BCC804961A6BC52500BA94EF /* INAppStoreWindowSwizzling.c in Sources */,
				BCC804971A6BC52500BA94EF /* INWindowBackgroundView+CoreUIRendering.m in Sources */,
				BCD1696F1A7DE73900DA9417 /* PTKeyCodeTranslator.m in Sources */,
				BCD1696D1A7DE73900DA9417 /* PTKeyBroadcaster.m in Sources */,
				BCC804AC1A6C0AB400BA94EF /* LPInputTableCellView.m in Sources */,
				BCC804701A6BB1AA00BA94EF /* NSTextView+Placeholder.m in Sources */,
				BCD1696C1A7DE73900DA9417 /* PTHotKeyCenter.m in Sources */,
				BCC804AF1A6D37CB00BA94EF /* LPInputFootTableCellView.m in Sources */,
				BCC8C0271A49C9320048F3B5 /* LPTranslateResult.m in Sources */,
				BCC8C0061A49B9650048F3B5 /* ASIDataDecompressor.m in Sources */,
				BCC8C00D1A49B9650048F3B5 /* Reachability.m in Sources */,
				BCC8C00C1A49B9650048F3B5 /* JSONKit.m in Sources */,
			);
			runOnlyForDeploymentPostprocessing = 0;
		};
/* End PBXSourcesBuildPhase section */

/* Begin PBXVariantGroup section */
		BCC6D2501AC1B35D0047472F /* Localizable.strings */ = {
			isa = PBXVariantGroup;
			children = (
				BCC6D24F1AC1B35D0047472F /* Base */,
				BCC6D2511AC1B3610047472F /* zh-Hans */,
			);
			name = Localizable.strings;
			sourceTree = "<group>";
		};
		BCC8BFD11A49B2830048F3B5 /* MainMenu.xib */ = {
			isa = PBXVariantGroup;
			children = (
				BCC8BFD21A49B2830048F3B5 /* Base */,
				BCC6D24B1AC1B2820047472F /* zh-Hans */,
			);
			name = MainMenu.xib;
			sourceTree = "<group>";
		};
/* End PBXVariantGroup section */

/* Begin XCBuildConfiguration section */
		BCC8BFE01A49B2830048F3B5 /* Debug */ = {
			isa = XCBuildConfiguration;
			buildSettings = {
				ALWAYS_SEARCH_USER_PATHS = NO;
				CLANG_CXX_LANGUAGE_STANDARD = "gnu++0x";
				CLANG_CXX_LIBRARY = "libc++";
				CLANG_ENABLE_MODULES = YES;
				CLANG_ENABLE_OBJC_ARC = YES;
				CLANG_WARN_BOOL_CONVERSION = YES;
				CLANG_WARN_CONSTANT_CONVERSION = YES;
				CLANG_WARN_DIRECT_OBJC_ISA_USAGE = YES_ERROR;
				CLANG_WARN_EMPTY_BODY = YES;
				CLANG_WARN_ENUM_CONVERSION = YES;
				CLANG_WARN_INT_CONVERSION = YES;
				CLANG_WARN_OBJC_ROOT_CLASS = YES_ERROR;
				CLANG_WARN_UNREACHABLE_CODE = YES;
				CLANG_WARN__DUPLICATE_METHOD_MATCH = YES;
				CODE_SIGN_IDENTITY = "-";
				COPY_PHASE_STRIP = NO;
				ENABLE_STRICT_OBJC_MSGSEND = YES;
				GCC_C_LANGUAGE_STANDARD = gnu99;
				GCC_DYNAMIC_NO_PIC = NO;
				GCC_OPTIMIZATION_LEVEL = 0;
				GCC_PREPROCESSOR_DEFINITIONS = (
					"DEBUG=1",
					"__DEBUG__=1",
					"$(inherited)",
				);
				GCC_SYMBOLS_PRIVATE_EXTERN = NO;
				GCC_WARN_64_TO_32_BIT_CONVERSION = YES;
				GCC_WARN_ABOUT_RETURN_TYPE = YES_ERROR;
				GCC_WARN_UNDECLARED_SELECTOR = YES;
				GCC_WARN_UNINITIALIZED_AUTOS = YES_AGGRESSIVE;
				GCC_WARN_UNUSED_FUNCTION = YES;
				GCC_WARN_UNUSED_VARIABLE = YES;
				MACOSX_DEPLOYMENT_TARGET = 10.10;
				MTL_ENABLE_DEBUG_INFO = YES;
				ONLY_ACTIVE_ARCH = YES;
				SDKROOT = macosx;
			};
			name = Debug;
		};
		BCC8BFE11A49B2830048F3B5 /* Release */ = {
			isa = XCBuildConfiguration;
			buildSettings = {
				ALWAYS_SEARCH_USER_PATHS = NO;
				CLANG_CXX_LANGUAGE_STANDARD = "gnu++0x";
				CLANG_CXX_LIBRARY = "libc++";
				CLANG_ENABLE_MODULES = YES;
				CLANG_ENABLE_OBJC_ARC = YES;
				CLANG_WARN_BOOL_CONVERSION = YES;
				CLANG_WARN_CONSTANT_CONVERSION = YES;
				CLANG_WARN_DIRECT_OBJC_ISA_USAGE = YES_ERROR;
				CLANG_WARN_EMPTY_BODY = YES;
				CLANG_WARN_ENUM_CONVERSION = YES;
				CLANG_WARN_INT_CONVERSION = YES;
				CLANG_WARN_OBJC_ROOT_CLASS = YES_ERROR;
				CLANG_WARN_UNREACHABLE_CODE = YES;
				CLANG_WARN__DUPLICATE_METHOD_MATCH = YES;
				CODE_SIGN_IDENTITY = "-";
				COPY_PHASE_STRIP = YES;
				DEBUG_INFORMATION_FORMAT = "dwarf-with-dsym";
				ENABLE_NS_ASSERTIONS = NO;
				ENABLE_STRICT_OBJC_MSGSEND = YES;
				GCC_C_LANGUAGE_STANDARD = gnu99;
				GCC_WARN_64_TO_32_BIT_CONVERSION = YES;
				GCC_WARN_ABOUT_RETURN_TYPE = YES_ERROR;
				GCC_WARN_UNDECLARED_SELECTOR = YES;
				GCC_WARN_UNINITIALIZED_AUTOS = YES_AGGRESSIVE;
				GCC_WARN_UNUSED_FUNCTION = YES;
				GCC_WARN_UNUSED_VARIABLE = YES;
				MACOSX_DEPLOYMENT_TARGET = 10.10;
				MTL_ENABLE_DEBUG_INFO = NO;
				SDKROOT = macosx;
			};
			name = Release;
		};
		BCC8BFE31A49B2830048F3B5 /* Debug */ = {
			isa = XCBuildConfiguration;
			buildSettings = {
				ASSETCATALOG_COMPILER_APPICON_NAME = AppIcon;
				COMBINE_HIDPI_IMAGES = YES;
				INFOPLIST_FILE = DaisyTranslate/Info.plist;
				LD_RUNPATH_SEARCH_PATHS = "$(inherited) @executable_path/../Frameworks";
				PRODUCT_NAME = aTranslator;
			};
			name = Debug;
		};
		BCC8BFE41A49B2830048F3B5 /* Release */ = {
			isa = XCBuildConfiguration;
			buildSettings = {
				ASSETCATALOG_COMPILER_APPICON_NAME = AppIcon;
				COMBINE_HIDPI_IMAGES = YES;
				INFOPLIST_FILE = DaisyTranslate/Info.plist;
				LD_RUNPATH_SEARCH_PATHS = "$(inherited) @executable_path/../Frameworks";
				PRODUCT_NAME = aTranslator;
			};
			name = Release;
		};
/* End XCBuildConfiguration section */

/* Begin XCConfigurationList section */
		BCC8BFC01A49B2830048F3B5 /* Build configuration list for PBXProject "DaisyTranslate" */ = {
			isa = XCConfigurationList;
			buildConfigurations = (
				BCC8BFE01A49B2830048F3B5 /* Debug */,
				BCC8BFE11A49B2830048F3B5 /* Release */,
			);
			defaultConfigurationIsVisible = 0;
			defaultConfigurationName = Release;
		};
		BCC8BFE21A49B2830048F3B5 /* Build configuration list for PBXNativeTarget "DaisyTranslate" */ = {
			isa = XCConfigurationList;
			buildConfigurations = (
				BCC8BFE31A49B2830048F3B5 /* Debug */,
				BCC8BFE41A49B2830048F3B5 /* Release */,
			);
			defaultConfigurationIsVisible = 0;
			defaultConfigurationName = Release;
		};
/* End XCConfigurationList section */
	};
	rootObject = BCC8BFBD1A49B2830048F3B5 /* Project object */;
}
